
Microsoft Visual Studio Solution File, Format Version 11.00
# Visual Studio 2010
Project("{FAE04EC0-301F-11D3-BF4B-00C04F79EFBC}") = "Assembly-CSharp", "Assembly-CSharp.csproj", "{7B0DB379-6240-EBFA-88F8-3728C1D8D03C}"
EndProject
Project("{FAE04EC0-301F-11D3-BF4B-00C04F79EFBC}") = "Assembly-CSharp-Editor", "Assembly-CSharp-Editor.csproj", "{1BBAD8CC-D8C9-B8F1-E707-887482AEDA98}"
EndProject
Global
	GlobalSection(SolutionConfigurationPlatforms) = preSolution
		Debug|Any CPU = Debug|Any CPU
		Release|Any CPU = Release|Any CPU
	EndGlobalSection
	GlobalSection(ProjectConfigurationPlatforms) = postSolution
		{7B0DB379-6240-EBFA-88F8-3728C1D8D03C}.Debug|Any CPU.ActiveCfg = Debug|Any CPU
		{7B0DB379-6240-EBFA-88F8-3728C1D8D03C}.Debug|Any CPU.Build.0 = Debug|Any CPU
		{7B0DB379-6240-EBFA-88F8-3728C1D8D03C}.Release|Any CPU.ActiveCfg = Release|Any CPU
		{7B0DB379-6240-EBFA-88F8-3728C1D8D03C}.Release|Any CPU.Build.0 = Release|Any CPU
		{1BBAD8CC-D8C9-B8F1-E707-887482AEDA98}.Debug|Any CPU.ActiveCfg = Debug|Any CPU
		{1BBAD8CC-D8C9-B8F1-E707-887482AEDA98}.Debug|Any CPU.Build.0 = Debug|Any CPU
		{1BBAD8CC-D8C9-B8F1-E707-887482AEDA98}.Release|Any CPU.ActiveCfg = Release|Any CPU
		{1BBAD8CC-D8C9-B8F1-E707-887482AEDA98}.Release|Any CPU.Build.0 = Release|Any CPU
	EndGlobalSection
	GlobalSection(SolutionProperties) = preSolution
		HideSolutionNode = FALSE
	EndGlobalSection
EndGlobal
